
Microsoft Visual Studio Solution File, Format Version 12.00
# Visual Studio Version 17
VisualStudioVersion = 17.3.32901.215
MinimumVisualStudioVersion = 10.0.40219.1
Project("{FAE04EC0-301F-11D3-BF4B-00C04F79EFBC}") = "ExceltoXML", "ExceltoXML\ExceltoXML.csproj", "{E363EA9C-3887-4D40-BFFC-DF354FA2FEB2}"
EndProject
Project("{FAE04EC0-301F-11D3-BF4B-00C04F79EFBC}") = "XL2XML", "ConsoleApplication1\XL2XML.csproj", "{45BD7331-D530-4D70-97D8-3FAAD7C145F2}"
EndProject
Project("{2150E333-8FDC-42A3-9474-1A3956D46DE8}") = "Solution Items", "Solution Items", "{700A7242-CDC5-4539-B7B9-3B0E636B291A}"
EndProject
Project("{54435603-DBB4-11D2-8724-00A0C9A8B90C}") = "MSI XL to XML", "MSI XL to XML\MSI XL to XML.vdproj", "{A0D02266-E27D-40C3-8C35-85F070DB484C}"
EndProject
Global
	GlobalSection(SolutionConfigurationPlatforms) = preSolution
		Debug|Any CPU = Debug|Any CPU
		Release|Any CPU = Release|Any CPU
	EndGlobalSection
	GlobalSection(ProjectConfigurationPlatforms) = postSolution
		{E363EA9C-3887-4D40-BFFC-DF354FA2FEB2}.Debug|Any CPU.ActiveCfg = Debug|Any CPU
		{E363EA9C-3887-4D40-BFFC-DF354FA2FEB2}.Debug|Any CPU.Build.0 = Debug|Any CPU
		{E363EA9C-3887-4D40-BFFC-DF354FA2FEB2}.Release|Any CPU.ActiveCfg = Release|Any CPU
		{E363EA9C-3887-4D40-BFFC-DF354FA2FEB2}.Release|Any CPU.Build.0 = Release|Any CPU
		{45BD7331-D530-4D70-97D8-3FAAD7C145F2}.Debug|Any CPU.ActiveCfg = Debug|Any CPU
		{45BD7331-D530-4D70-97D8-3FAAD7C145F2}.Debug|Any CPU.Build.0 = Debug|Any CPU
		{45BD7331-D530-4D70-97D8-3FAAD7C145F2}.Release|Any CPU.ActiveCfg = Release|Any CPU
		{45BD7331-D530-4D70-97D8-3FAAD7C145F2}.Release|Any CPU.Build.0 = Release|Any CPU
		{A0D02266-E27D-40C3-8C35-85F070DB484C}.Debug|Any CPU.ActiveCfg = Debug
		{A0D02266-E27D-40C3-8C35-85F070DB484C}.Release|Any CPU.ActiveCfg = Release
	EndGlobalSection
	GlobalSection(SolutionProperties) = preSolution
		HideSolutionNode = FALSE
	EndGlobalSection
	GlobalSection(ExtensibilityGlobals) = postSolution
		SolutionGuid = {9BB00003-C654-4374-B666-B0BC15DCF637}
	EndGlobalSection
EndGlobal
